
Microsoft Visual Studio Solution File, Format Version 12.00
# Visual Studio Version 17
VisualStudioVersion = 17.11.35208.52
MinimumVisualStudioVersion = 10.0.40219.1
Project("{9A19103F-16F7-4668-BE54-9A1E7A4F7556}") = "TVSeriesReviews.WPF", "TVSeriesReviews.WPF\TVSeriesReviews.WPF.csproj", "{33D03749-C73E-4209-84E8-195765DDABA9}"
EndProject
Project("{9A19103F-16F7-4668-BE54-9A1E7A4F7556}") = "TestProject", "TestProject\TestProject.csproj", "{788884F5-55E3-455C-97C1-0CB08440E15D}"
	ProjectSection(ProjectDependencies) = postProject
		{33D03749-C73E-4209-84E8-195765DDABA9} = {33D03749-C73E-4209-84E8-195765DDABA9}
	EndProjectSection
EndProject
Global
	GlobalSection(SolutionConfigurationPlatforms) = preSolution
		Debug|Any CPU = Debug|Any CPU
		Release|Any CPU = Release|Any CPU
	EndGlobalSection
	GlobalSection(ProjectConfigurationPlatforms) = postSolution
		{33D03749-C73E-4209-84E8-195765DDABA9}.Debug|Any CPU.ActiveCfg = Debug|Any CPU
		{33D03749-C73E-4209-84E8-195765DDABA9}.Debug|Any CPU.Build.0 = Debug|Any CPU
		{33D03749-C73E-4209-84E8-195765DDABA9}.Release|Any CPU.ActiveCfg = Release|Any CPU
		{33D03749-C73E-4209-84E8-195765DDABA9}.Release|Any CPU.Build.0 = Release|Any CPU
		{788884F5-55E3-455C-97C1-0CB08440E15D}.Debug|Any CPU.ActiveCfg = Debug|Any CPU
		{788884F5-55E3-455C-97C1-0CB08440E15D}.Debug|Any CPU.Build.0 = Debug|Any CPU
		{788884F5-55E3-455C-97C1-0CB08440E15D}.Release|Any CPU.ActiveCfg = Release|Any CPU
		{788884F5-55E3-455C-97C1-0CB08440E15D}.Release|Any CPU.Build.0 = Release|Any CPU
	EndGlobalSection
	GlobalSection(SolutionProperties) = preSolution
		HideSolutionNode = FALSE
	EndGlobalSection
	GlobalSection(ExtensibilityGlobals) = postSolution
		SolutionGuid = {31ADC6E3-17B0-4D9C-8862-AB9D77017341}
	EndGlobalSection
EndGlobal
